{
  "name": "Putify",
  "lockfileVersion": 3,
  "requires": true,
  "packages": {
    "": {
      "dependencies": {
        "@fontsource/jua": "^5.2.5"
      }
    },
    "node_modules/@fontsource/jua": {
      "version": "5.2.5",
      "resolved": "https://registry.npmjs.org/@fontsource/jua/-/jua-5.2.5.tgz",
      "integrity": "sha512-rZ5G7kn0R+2IN/Ihm+E9J6YuA1ZK8WcjrEvfK3torBRLJBaky30pDvGSIF2D+n+nRCh2AuE/RzEsIBfckniBHg==",
      "license": "OFL-1.1",
      "funding": {
        "url": "https://github.com/sponsors/ayuhito"
      }
    }
  }
}
